// !$*UTF8*$!
{
	archiveVersion = 1;
	classes = {
	};
	objectVersion = 56;
	objects = {

/* Begin PBXBuildFile section */
		CBBFB245293365D8000B0CA7 /* ParsingCardsApp.swift in Sources */ = {isa = PBXBuildFile; fileRef = CBBFB244293365D8000B0CA7 /* ParsingCardsApp.swift */; };
		CBBFB247293365D8000B0CA7 /* ContentView.swift in Sources */ = {isa = PBXBuildFile; fileRef = CBBFB246293365D8000B0CA7 /* ContentView.swift */; };
		CBBFB249293365D8000B0CA7 /* Assets.xcassets in Resources */ = {isa = PBXBuildFile; fileRef = CBBFB248293365D8000B0CA7 /* Assets.xcassets */; };
		CBBFB24D293365D8000B0CA7 /* Preview Assets.xcassets in Resources */ = {isa = PBXBuildFile; fileRef = CBBFB24C293365D8000B0CA7 /* Preview Assets.xcassets */; };
		CBBFB257293365D9000B0CA7 /* ParsingCardsTests.swift in Sources */ = {isa = PBXBuildFile; fileRef = CBBFB256293365D9000B0CA7 /* ParsingCardsTests.swift */; };
		CBBFB261293365D9000B0CA7 /* ParsingCardsUITests.swift in Sources */ = {isa = PBXBuildFile; fileRef = CBBFB260293365D9000B0CA7 /* ParsingCardsUITests.swift */; };
		CBBFB263293365D9000B0CA7 /* ParsingCardsUITestsLaunchTests.swift in Sources */ = {isa = PBXBuildFile; fileRef = CBBFB262293365D9000B0CA7 /* ParsingCardsUITestsLaunchTests.swift */; };
		CBBFB27129336675000B0CA7 /* Favorites.swift in Sources */ = {isa = PBXBuildFile; fileRef = CBBFB27029336675000B0CA7 /* Favorites.swift */; };
		CBBFB2732933667F000B0CA7 /* Birthdays.swift in Sources */ = {isa = PBXBuildFile; fileRef = CBBFB2722933667F000B0CA7 /* Birthdays.swift */; };
		CBBFB27529336688000B0CA7 /* Recents.swift in Sources */ = {isa = PBXBuildFile; fileRef = CBBFB27429336688000B0CA7 /* Recents.swift */; };
		CBBFB27729336692000B0CA7 /* Contacts.swift in Sources */ = {isa = PBXBuildFile; fileRef = CBBFB27629336692000B0CA7 /* Contacts.swift */; };
		CBBFB2792933669D000B0CA7 /* SearchAdd.swift in Sources */ = {isa = PBXBuildFile; fileRef = CBBFB2782933669D000B0CA7 /* SearchAdd.swift */; };
		CBBFB27B293366A7000B0CA7 /* StartAdd.swift in Sources */ = {isa = PBXBuildFile; fileRef = CBBFB27A293366A7000B0CA7 /* StartAdd.swift */; };
		CBBFB27D29336769000B0CA7 /* ParsingCardsTagger.mlmodel in Sources */ = {isa = PBXBuildFile; fileRef = CBBFB27C29336769000B0CA7 /* ParsingCardsTagger.mlmodel */; };
/* End PBXBuildFile section */

/* Begin PBXContainerItemProxy section */
		CBBFB253293365D9000B0CA7 /* PBXContainerItemProxy */ = {
			isa = PBXContainerItemProxy;
			containerPortal = CBBFB239293365D8000B0CA7 /* Project object */;
			proxyType = 1;
			remoteGlobalIDString = CBBFB240293365D8000B0CA7;
			remoteInfo = ParsingCards;
		};
		CBBFB25D293365D9000B0CA7 /* PBXContainerItemProxy */ = {
			isa = PBXContainerItemProxy;
			containerPortal = CBBFB239293365D8000B0CA7 /* Project object */;
			proxyType = 1;
			remoteGlobalIDString = CBBFB240293365D8000B0CA7;
			remoteInfo = ParsingCards;
		};
/* End PBXContainerItemProxy section */

/* Begin PBXFileReference section */
		CBBFB241293365D8000B0CA7 /* ParsingCards.app */ = {isa = PBXFileReference; explicitFileType = wrapper.application; includeInIndex = 0; path = ParsingCards.app; sourceTree = BUILT_PRODUCTS_DIR; };
		CBBFB244293365D8000B0CA7 /* ParsingCardsApp.swift */ = {isa = PBXFileReference; lastKnownFileType = sourcecode.swift; path = ParsingCardsApp.swift; sourceTree = "<group>"; };
		CBBFB246293365D8000B0CA7 /* ContentView.swift */ = {isa = PBXFileReference; lastKnownFileType = sourcecode.swift; path = ContentView.swift; sourceTree = "<group>"; };
		CBBFB248293365D8000B0CA7 /* Assets.xcassets */ = {isa = PBXFileReference; lastKnownFileType = folder.assetcatalog; path = Assets.xcassets; sourceTree = "<group>"; };
		CBBFB24A293365D8000B0CA7 /* ParsingCards.entitlements */ = {isa = PBXFileReference; lastKnownFileType = text.plist.entitlements; path = ParsingCards.entitlements; sourceTree = "<group>"; };
		CBBFB24C293365D8000B0CA7 /* Preview Assets.xcassets */ = {isa = PBXFileReference; lastKnownFileType = folder.assetcatalog; path = "Preview Assets.xcassets"; sourceTree = "<group>"; };
		CBBFB252293365D9000B0CA7 /* ParsingCardsTests.xctest */ = {isa = PBXFileReference; explicitFileType = wrapper.cfbundle; includeInIndex = 0; path = ParsingCardsTests.xctest; sourceTree = BUILT_PRODUCTS_DIR; };
		CBBFB256293365D9000B0CA7 /* ParsingCardsTests.swift */ = {isa = PBXFileReference; lastKnownFileType = sourcecode.swift; path = ParsingCardsTests.swift; sourceTree = "<group>"; };
		CBBFB25C293365D9000B0CA7 /* ParsingCardsUITests.xctest */ = {isa = PBXFileReference; explicitFileType = wrapper.cfbundle; includeInIndex = 0; path = ParsingCardsUITests.xctest; sourceTree = BUILT_PRODUCTS_DIR; };
		CBBFB260293365D9000B0CA7 /* ParsingCardsUITests.swift */ = {isa = PBXFileReference; lastKnownFileType = sourcecode.swift; path = ParsingCardsUITests.swift; sourceTree = "<group>"; };
		CBBFB262293365D9000B0CA7 /* ParsingCardsUITestsLaunchTests.swift */ = {isa = PBXFileReference; lastKnownFileType = sourcecode.swift; path = ParsingCardsUITestsLaunchTests.swift; sourceTree = "<group>"; };
		CBBFB27029336675000B0CA7 /* Favorites.swift */ = {isa = PBXFileReference; lastKnownFileType = sourcecode.swift; path = Favorites.swift; sourceTree = "<group>"; };
		CBBFB2722933667F000B0CA7 /* Birthdays.swift */ = {isa = PBXFileReference; lastKnownFileType = sourcecode.swift; path = Birthdays.swift; sourceTree = "<group>"; };
		CBBFB27429336688000B0CA7 /* Recents.swift */ = {isa = PBXFileReference; lastKnownFileType = sourcecode.swift; path = Recents.swift; sourceTree = "<group>"; };
		CBBFB27629336692000B0CA7 /* Contacts.swift */ = {isa = PBXFileReference; lastKnownFileType = sourcecode.swift; path = Contacts.swift; sourceTree = "<group>"; };
		CBBFB2782933669D000B0CA7 /* SearchAdd.swift */ = {isa = PBXFileReference; lastKnownFileType = sourcecode.swift; path = SearchAdd.swift; sourceTree = "<group>"; };
		CBBFB27A293366A7000B0CA7 /* StartAdd.swift */ = {isa = PBXFileReference; lastKnownFileType = sourcecode.swift; path = StartAdd.swift; sourceTree = "<group>"; };
		CBBFB27C29336769000B0CA7 /* ParsingCardsTagger.mlmodel */ = {isa = PBXFileReference; lastKnownFileType = file.mlmodel; path = ParsingCardsTagger.mlmodel; sourceTree = "<group>"; };
/* End PBXFileReference section */

/* Begin PBXFrameworksBuildPhase section */
		CBBFB23E293365D8000B0CA7 /* Frameworks */ = {
			isa = PBXFrameworksBuildPhase;
			buildActionMask = 2147483647;
			files = (
			);
			runOnlyForDeploymentPostprocessing = 0;
		};
		CBBFB24F293365D9000B0CA7 /* Frameworks */ = {
			isa = PBXFrameworksBuildPhase;
			buildActionMask = 2147483647;
			files = (
			);
			runOnlyForDeploymentPostprocessing = 0;
		};
		CBBFB259293365D9000B0CA7 /* Frameworks */ = {
			isa = PBXFrameworksBuildPhase;
			buildActionMask = 2147483647;
			files = (
			);
			runOnlyForDeploymentPostprocessing = 0;
		};
/* End PBXFrameworksBuildPhase section */

/* Begin PBXGroup section */
		CBBFB238293365D8000B0CA7 = {
			isa = PBXGroup;
			children = (
				CBBFB26F29336664000B0CA7 /* Views */,
				CBBFB243293365D8000B0CA7 /* ParsingCards */,
				CBBFB255293365D9000B0CA7 /* ParsingCardsTests */,
				CBBFB25F293365D9000B0CA7 /* ParsingCardsUITests */,
				CBBFB242293365D8000B0CA7 /* Products */,
			);
			sourceTree = "<group>";
		};
		CBBFB242293365D8000B0CA7 /* Products */ = {
			isa = PBXGroup;
			children = (
				CBBFB241293365D8000B0CA7 /* ParsingCards.app */,
				CBBFB252293365D9000B0CA7 /* ParsingCardsTests.xctest */,
				CBBFB25C293365D9000B0CA7 /* ParsingCardsUITests.xctest */,
			);
			name = Products;
			sourceTree = "<group>";
		};
		CBBFB243293365D8000B0CA7 /* ParsingCards */ = {
			isa = PBXGroup;
			children = (
				CBBFB244293365D8000B0CA7 /* ParsingCardsApp.swift */,
				CBBFB246293365D8000B0CA7 /* ContentView.swift */,
				CBBFB248293365D8000B0CA7 /* Assets.xcassets */,
				CBBFB27C29336769000B0CA7 /* ParsingCardsTagger.mlmodel */,
				CBBFB24A293365D8000B0CA7 /* ParsingCards.entitlements */,
				CBBFB24B293365D8000B0CA7 /* Preview Content */,
			);
			path = ParsingCards;
			sourceTree = "<group>";
		};
		CBBFB24B293365D8000B0CA7 /* Preview Content */ = {
			isa = PBXGroup;
			children = (
				CBBFB24C293365D8000B0CA7 /* Preview Assets.xcassets */,
			);
			path = "Preview Content";
			sourceTree = "<group>";
		};
		CBBFB255293365D9000B0CA7 /* ParsingCardsTests */ = {
			isa = PBXGroup;
			children = (
				CBBFB256293365D9000B0CA7 /* ParsingCardsTests.swift */,
			);
			path = ParsingCardsTests;
			sourceTree = "<group>";
		};
		CBBFB25F293365D9000B0CA7 /* ParsingCardsUITests */ = {
			isa = PBXGroup;
			children = (
				CBBFB260293365D9000B0CA7 /* ParsingCardsUITests.swift */,
				CBBFB262293365D9000B0CA7 /* ParsingCardsUITestsLaunchTests.swift */,
			);
			path = ParsingCardsUITests;
			sourceTree = "<group>";
		};
		CBBFB26F29336664000B0CA7 /* Views */ = {
			isa = PBXGroup;
			children = (
				CBBFB27029336675000B0CA7 /* Favorites.swift */,
				CBBFB2722933667F000B0CA7 /* Birthdays.swift */,
				CBBFB27429336688000B0CA7 /* Recents.swift */,
				CBBFB27629336692000B0CA7 /* Contacts.swift */,
				CBBFB2782933669D000B0CA7 /* SearchAdd.swift */,
				CBBFB27A293366A7000B0CA7 /* StartAdd.swift */,
			);
			path = Views;
			sourceTree = "<group>";
		};
/* End PBXGroup section */

/* Begin PBXNativeTarget section */
		CBBFB240293365D8000B0CA7 /* ParsingCards */ = {
			isa = PBXNativeTarget;
			buildConfigurationList = CBBFB266293365D9000B0CA7 /* Build configuration list for PBXNativeTarget "ParsingCards" */;
			buildPhases = (
				CBBFB23D293365D8000B0CA7 /* Sources */,
				CBBFB23E293365D8000B0CA7 /* Frameworks */,
				CBBFB23F293365D8000B0CA7 /* Resources */,
			);
			buildRules = (
			);
			dependencies = (
			);
			name = ParsingCards;
			productName = ParsingCards;
			productReference = CBBFB241293365D8000B0CA7 /* ParsingCards.app */;
			productType = "com.apple.product-type.application";
		};
		CBBFB251293365D9000B0CA7 /* ParsingCardsTests */ = {
			isa = PBXNativeTarget;
			buildConfigurationList = CBBFB269293365D9000B0CA7 /* Build configuration list for PBXNativeTarget "ParsingCardsTests" */;
			buildPhases = (
				CBBFB24E293365D9000B0CA7 /* Sources */,
				CBBFB24F293365D9000B0CA7 /* Frameworks */,
				CBBFB250293365D9000B0CA7 /* Resources */,
			);
			buildRules = (
			);
			dependencies = (
				CBBFB254293365D9000B0CA7 /* PBXTargetDependency */,
			);
			name = ParsingCardsTests;
			productName = ParsingCardsTests;
			productReference = CBBFB252293365D9000B0CA7 /* ParsingCardsTests.xctest */;
			productType = "com.apple.product-type.bundle.unit-test";
		};
		CBBFB25B293365D9000B0CA7 /* ParsingCardsUITests */ = {
			isa = PBXNativeTarget;
			buildConfigurationList = CBBFB26C293365D9000B0CA7 /* Build configuration list for PBXNativeTarget "ParsingCardsUITests" */;
			buildPhases = (
				CBBFB258293365D9000B0CA7 /* Sources */,
				CBBFB259293365D9000B0CA7 /* Frameworks */,
				CBBFB25A293365D9000B0CA7 /* Resources */,
			);
			buildRules = (
			);
			dependencies = (
				CBBFB25E293365D9000B0CA7 /* PBXTargetDependency */,
			);
			name = ParsingCardsUITests;
			productName = ParsingCardsUITests;
			productReference = CBBFB25C293365D9000B0CA7 /* ParsingCardsUITests.xctest */;
			productType = "com.apple.product-type.bundle.ui-testing";
		};
/* End PBXNativeTarget section */

/* Begin PBXProject section */
		CBBFB239293365D8000B0CA7 /* Project object */ = {
			isa = PBXProject;
			attributes = {
				BuildIndependentTargetsInParallel = 1;
				LastSwiftUpdateCheck = 1410;
				LastUpgradeCheck = 1410;
				TargetAttributes = {
					CBBFB240293365D8000B0CA7 = {
						CreatedOnToolsVersion = 14.1;
					};
					CBBFB251293365D9000B0CA7 = {
						CreatedOnToolsVersion = 14.1;
						TestTargetID = CBBFB240293365D8000B0CA7;
					};
					CBBFB25B293365D9000B0CA7 = {
						CreatedOnToolsVersion = 14.1;
						TestTargetID = CBBFB240293365D8000B0CA7;
					};
				};
			};
			buildConfigurationList = CBBFB23C293365D8000B0CA7 /* Build configuration list for PBXProject "ParsingCards" */;
			compatibilityVersion = "Xcode 14.0";
			developmentRegion = en;
			hasScannedForEncodings = 0;
			knownRegions = (
				en,
				Base,
			);
			mainGroup = CBBFB238293365D8000B0CA7;
			productRefGroup = CBBFB242293365D8000B0CA7 /* Products */;
			projectDirPath = "";
			projectRoot = "";
			targets = (
				CBBFB240293365D8000B0CA7 /* ParsingCards */,
				CBBFB251293365D9000B0CA7 /* ParsingCardsTests */,
				CBBFB25B293365D9000B0CA7 /* ParsingCardsUITests */,
			);
		};
/* End PBXProject section */

/* Begin PBXResourcesBuildPhase section */
		CBBFB23F293365D8000B0CA7 /* Resources */ = {
			isa = PBXResourcesBuildPhase;
			buildActionMask = 2147483647;
			files = (
				CBBFB24D293365D8000B0CA7 /* Preview Assets.xcassets in Resources */,
				CBBFB249293365D8000B0CA7 /* Assets.xcassets in Resources */,
			);
			runOnlyForDeploymentPostprocessing = 0;
		};
		CBBFB250293365D9000B0CA7 /* Resources */ = {
			isa = PBXResourcesBuildPhase;
			buildActionMask = 2147483647;
			files = (
			);
			runOnlyForDeploymentPostprocessing = 0;
		};
		CBBFB25A293365D9000B0CA7 /* Resources */ = {
			isa = PBXResourcesBuildPhase;
			buildActionMask = 2147483647;
			files = (
			);
			runOnlyForDeploymentPostprocessing = 0;
		};
/* End PBXResourcesBuildPhase section */

/* Begin PBXSourcesBuildPhase section */
		CBBFB23D293365D8000B0CA7 /* Sources */ = {
			isa = PBXSourcesBuildPhase;
			buildActionMask = 2147483647;
			files = (
				CBBFB27B293366A7000B0CA7 /* StartAdd.swift in Sources */,
				CBBFB2732933667F000B0CA7 /* Birthdays.swift in Sources */,
				CBBFB27129336675000B0CA7 /* Favorites.swift in Sources */,
				CBBFB27729336692000B0CA7 /* Contacts.swift in Sources */,
				CBBFB27D29336769000B0CA7 /* ParsingCardsTagger.mlmodel in Sources */,
				CBBFB247293365D8000B0CA7 /* ContentView.swift in Sources */,
				CBBFB2792933669D000B0CA7 /* SearchAdd.swift in Sources */,
				CBBFB245293365D8000B0CA7 /* ParsingCardsApp.swift in Sources */,
				CBBFB27529336688000B0CA7 /* Recents.swift in Sources */,
			);
			runOnlyForDeploymentPostprocessing = 0;
		};
		CBBFB24E293365D9000B0CA7 /* Sources */ = {
			isa = PBXSourcesBuildPhase;
			buildActionMask = 2147483647;
			files = (
				CBBFB257293365D9000B0CA7 /* ParsingCardsTests.swift in Sources */,
			);
			runOnlyForDeploymentPostprocessing = 0;
		};
		CBBFB258293365D9000B0CA7 /* Sources */ = {
			isa = PBXSourcesBuildPhase;
			buildActionMask = 2147483647;
			files = (
				CBBFB261293365D9000B0CA7 /* ParsingCardsUITests.swift in Sources */,
				CBBFB263293365D9000B0CA7 /* ParsingCardsUITestsLaunchTests.swift in Sources */,
			);
			runOnlyForDeploymentPostprocessing = 0;
		};
/* End PBXSourcesBuildPhase section */

/* Begin PBXTargetDependency section */
		CBBFB254293365D9000B0CA7 /* PBXTargetDependency */ = {
			isa = PBXTargetDependency;
			target = CBBFB240293365D8000B0CA7 /* ParsingCards */;
			targetProxy = CBBFB253293365D9000B0CA7 /* PBXContainerItemProxy */;
		};
		CBBFB25E293365D9000B0CA7 /* PBXTargetDependency */ = {
			isa = PBXTargetDependency;
			target = CBBFB240293365D8000B0CA7 /* ParsingCards */;
			targetProxy = CBBFB25D293365D9000B0CA7 /* PBXContainerItemProxy */;
		};
/* End PBXTargetDependency section */

/* Begin XCBuildConfiguration section */
		CBBFB264293365D9000B0CA7 /* Debug */ = {
			isa = XCBuildConfiguration;
			buildSettings = {
				ALWAYS_SEARCH_USER_PATHS = NO;
				CLANG_ANALYZER_NONNULL = YES;
				CLANG_ANALYZER_NUMBER_OBJECT_CONVERSION = YES_AGGRESSIVE;
				CLANG_CXX_LANGUAGE_STANDARD = "gnu++20";
				CLANG_ENABLE_MODULES = YES;
				CLANG_ENABLE_OBJC_ARC = YES;
				CLANG_ENABLE_OBJC_WEAK = YES;
				CLANG_WARN_BLOCK_CAPTURE_AUTORELEASING = YES;
				CLANG_WARN_BOOL_CONVERSION = YES;
				CLANG_WARN_COMMA = YES;
				CLANG_WARN_CONSTANT_CONVERSION = YES;
				CLANG_WARN_DEPRECATED_OBJC_IMPLEMENTATIONS = YES;
				CLANG_WARN_DIRECT_OBJC_ISA_USAGE = YES_ERROR;
				CLANG_WARN_DOCUMENTATION_COMMENTS = YES;
				CLANG_WARN_EMPTY_BODY = YES;
				CLANG_WARN_ENUM_CONVERSION = YES;
				CLANG_WARN_INFINITE_RECURSION = YES;
				CLANG_WARN_INT_CONVERSION = YES;
				CLANG_WARN_NON_LITERAL_NULL_CONVERSION = YES;
				CLANG_WARN_OBJC_IMPLICIT_RETAIN_SELF = YES;
				CLANG_WARN_OBJC_LITERAL_CONVERSION = YES;
				CLANG_WARN_OBJC_ROOT_CLASS = YES_ERROR;
				CLANG_WARN_QUOTED_INCLUDE_IN_FRAMEWORK_HEADER = YES;
				CLANG_WARN_RANGE_LOOP_ANALYSIS = YES;
				CLANG_WARN_STRICT_PROTOTYPES = YES;
				CLANG_WARN_SUSPICIOUS_MOVE = YES;
				CLANG_WARN_UNGUARDED_AVAILABILITY = YES_AGGRESSIVE;
				CLANG_WARN_UNREACHABLE_CODE = YES;
				CLANG_WARN__DUPLICATE_METHOD_MATCH = YES;
				COPY_PHASE_STRIP = NO;
				DEBUG_INFORMATION_FORMAT = dwarf;
				ENABLE_STRICT_OBJC_MSGSEND = YES;
				ENABLE_TESTABILITY = YES;
				GCC_C_LANGUAGE_STANDARD = gnu11;
				GCC_DYNAMIC_NO_PIC = NO;
				GCC_NO_COMMON_BLOCKS = YES;
				GCC_OPTIMIZATION_LEVEL = 0;
				GCC_PREPROCESSOR_DEFINITIONS = (
					"DEBUG=1",
					"$(inherited)",
				);
				GCC_WARN_64_TO_32_BIT_CONVERSION = YES;
				GCC_WARN_ABOUT_RETURN_TYPE = YES_ERROR;
				GCC_WARN_UNDECLARED_SELECTOR = YES;
				GCC_WARN_UNINITIALIZED_AUTOS = YES_AGGRESSIVE;
				GCC_WARN_UNUSED_FUNCTION = YES;
				GCC_WARN_UNUSED_VARIABLE = YES;
				MTL_ENABLE_DEBUG_INFO = INCLUDE_SOURCE;
				MTL_FAST_MATH = YES;
				ONLY_ACTIVE_ARCH = YES;
				SWIFT_ACTIVE_COMPILATION_CONDITIONS = DEBUG;
				SWIFT_OPTIMIZATION_LEVEL = "-Onone";
			};
			name = Debug;
		};
		CBBFB265293365D9000B0CA7 /* Release */ = {
			isa = XCBuildConfiguration;
			buildSettings = {
				ALWAYS_SEARCH_USER_PATHS = NO;
				CLANG_ANALYZER_NONNULL = YES;
				CLANG_ANALYZER_NUMBER_OBJECT_CONVERSION = YES_AGGRESSIVE;
				CLANG_CXX_LANGUAGE_STANDARD = "gnu++20";
				CLANG_ENABLE_MODULES = YES;
				CLANG_ENABLE_OBJC_ARC = YES;
				CLANG_ENABLE_OBJC_WEAK = YES;
				CLANG_WARN_BLOCK_CAPTURE_AUTORELEASING = YES;
				CLANG_WARN_BOOL_CONVERSION = YES;
				CLANG_WARN_COMMA = YES;
				CLANG_WARN_CONSTANT_CONVERSION = YES;
				CLANG_WARN_DEPRECATED_OBJC_IMPLEMENTATIONS = YES;
				CLANG_WARN_DIRECT_OBJC_ISA_USAGE = YES_ERROR;
				CLANG_WARN_DOCUMENTATION_COMMENTS = YES;
				CLANG_WARN_EMPTY_BODY = YES;
				CLANG_WARN_ENUM_CONVERSION = YES;
				CLANG_WARN_INFINITE_RECURSION = YES;
				CLANG_WARN_INT_CONVERSION = YES;
				CLANG_WARN_NON_LITERAL_NULL_CONVERSION = YES;
				CLANG_WARN_OBJC_IMPLICIT_RETAIN_SELF = YES;
				CLANG_WARN_OBJC_LITERAL_CONVERSION = YES;
				CLANG_WARN_OBJC_ROOT_CLASS = YES_ERROR;
				CLANG_WARN_QUOTED_INCLUDE_IN_FRAMEWORK_HEADER = YES;
				CLANG_WARN_RANGE_LOOP_ANALYSIS = YES;
				CLANG_WARN_STRICT_PROTOTYPES = YES;
				CLANG_WARN_SUSPICIOUS_MOVE = YES;
				CLANG_WARN_UNGUARDED_AVAILABILITY = YES_AGGRESSIVE;
				CLANG_WARN_UNREACHABLE_CODE = YES;
				CLANG_WARN__DUPLICATE_METHOD_MATCH = YES;
				COPY_PHASE_STRIP = NO;
				DEBUG_INFORMATION_FORMAT = "dwarf-with-dsym";
				ENABLE_NS_ASSERTIONS = NO;
				ENABLE_STRICT_OBJC_MSGSEND = YES;
				GCC_C_LANGUAGE_STANDARD = gnu11;
				GCC_NO_COMMON_BLOCKS = YES;
				GCC_WARN_64_TO_32_BIT_CONVERSION = YES;
				GCC_WARN_ABOUT_RETURN_TYPE = YES_ERROR;
				GCC_WARN_UNDECLARED_SELECTOR = YES;
				GCC_WARN_UNINITIALIZED_AUTOS = YES_AGGRESSIVE;
				GCC_WARN_UNUSED_FUNCTION = YES;
				GCC_WARN_UNUSED_VARIABLE = YES;
				MTL_ENABLE_DEBUG_INFO = NO;
				MTL_FAST_MATH = YES;
				SWIFT_COMPILATION_MODE = wholemodule;
				SWIFT_OPTIMIZATION_LEVEL = "-O";
			};
			name = Release;
		};
		CBBFB267293365D9000B0CA7 /* Debug */ = {
			isa = XCBuildConfiguration;
			buildSettings = {
				ASSETCATALOG_COMPILER_APPICON_NAME = AppIcon;
				ASSETCATALOG_COMPILER_GLOBAL_ACCENT_COLOR_NAME = AccentColor;
				CODE_SIGN_ENTITLEMENTS = ParsingCards/ParsingCards.entitlements;
				CODE_SIGN_STYLE = Automatic;
				CURRENT_PROJECT_VERSION = 1;
				DEVELOPMENT_ASSET_PATHS = "\"ParsingCards/Preview Content\"";
				DEVELOPMENT_TEAM = ZSK3Z899D9;
				ENABLE_HARDENED_RUNTIME = YES;
				ENABLE_PREVIEWS = YES;
				GENERATE_INFOPLIST_FILE = YES;
				"INFOPLIST_KEY_UIApplicationSceneManifest_Generation[sdk=iphoneos*]" = YES;
				"INFOPLIST_KEY_UIApplicationSceneManifest_Generation[sdk=iphonesimulator*]" = YES;
				"INFOPLIST_KEY_UIApplicationSupportsIndirectInputEvents[sdk=iphoneos*]" = YES;
				"INFOPLIST_KEY_UIApplicationSupportsIndirectInputEvents[sdk=iphonesimulator*]" = YES;
				"INFOPLIST_KEY_UILaunchScreen_Generation[sdk=iphoneos*]" = YES;
				"INFOPLIST_KEY_UILaunchScreen_Generation[sdk=iphonesimulator*]" = YES;
				"INFOPLIST_KEY_UIStatusBarStyle[sdk=iphoneos*]" = UIStatusBarStyleDefault;
				"INFOPLIST_KEY_UIStatusBarStyle[sdk=iphonesimulator*]" = UIStatusBarStyleDefault;
				INFOPLIST_KEY_UISupportedInterfaceOrientations_iPad = "UIInterfaceOrientationPortrait UIInterfaceOrientationPortraitUpsideDown UIInterfaceOrientationLandscapeLeft UIInterfaceOrientationLandscapeRight";
				INFOPLIST_KEY_UISupportedInterfaceOrientations_iPhone = "UIInterfaceOrientationPortrait UIInterfaceOrientationLandscapeLeft UIInterfaceOrientationLandscapeRight";
				IPHONEOS_DEPLOYMENT_TARGET = 16.1;
				LD_RUNPATH_SEARCH_PATHS = "@executable_path/Frameworks";
				"LD_RUNPATH_SEARCH_PATHS[sdk=macosx*]" = "@executable_path/../Frameworks";
				MACOSX_DEPLOYMENT_TARGET = 13.0;
				MARKETING_VERSION = 1.0;
				PRODUCT_BUNDLE_IDENTIFIER = giuliacasucci.ParsingCards;
				PRODUCT_NAME = "$(TARGET_NAME)";
				SDKROOT = auto;
				SUPPORTED_PLATFORMS = "iphoneos iphonesimulator macosx";
				SWIFT_EMIT_LOC_STRINGS = YES;
				SWIFT_VERSION = 5.0;
				TARGETED_DEVICE_FAMILY = "1,2";
			};
			name = Debug;
		};
		CBBFB268293365D9000B0CA7 /* Release */ = {
			isa = XCBuildConfiguration;
			buildSettings = {
				ASSETCATALOG_COMPILER_APPICON_NAME = AppIcon;
				ASSETCATALOG_COMPILER_GLOBAL_ACCENT_COLOR_NAME = AccentColor;
				CODE_SIGN_ENTITLEMENTS = ParsingCards/ParsingCards.entitlements;
				CODE_SIGN_STYLE = Automatic;
				CURRENT_PROJECT_VERSION = 1;
				DEVELOPMENT_ASSET_PATHS = "\"ParsingCards/Preview Content\"";
				DEVELOPMENT_TEAM = ZSK3Z899D9;
				ENABLE_HARDENED_RUNTIME = YES;
				ENABLE_PREVIEWS = YES;
				GENERATE_INFOPLIST_FILE = YES;
				"INFOPLIST_KEY_UIApplicationSceneManifest_Generation[sdk=iphoneos*]" = YES;
				"INFOPLIST_KEY_UIApplicationSceneManifest_Generation[sdk=iphonesimulator*]" = YES;
				"INFOPLIST_KEY_UIApplicationSupportsIndirectInputEvents[sdk=iphoneos*]" = YES;
				"INFOPLIST_KEY_UIApplicationSupportsIndirectInputEvents[sdk=iphonesimulator*]" = YES;
				"INFOPLIST_KEY_UILaunchScreen_Generation[sdk=iphoneos*]" = YES;
				"INFOPLIST_KEY_UILaunchScreen_Generation[sdk=iphonesimulator*]" = YES;
				"INFOPLIST_KEY_UIStatusBarStyle[sdk=iphoneos*]" = UIStatusBarStyleDefault;
				"INFOPLIST_KEY_UIStatusBarStyle[sdk=iphonesimulator*]" = UIStatusBarStyleDefault;
				INFOPLIST_KEY_UISupportedInterfaceOrientations_iPad = "UIInterfaceOrientationPortrait UIInterfaceOrientationPortraitUpsideDown UIInterfaceOrientationLandscapeLeft UIInterfaceOrientationLandscapeRight";
				INFOPLIST_KEY_UISupportedInterfaceOrientations_iPhone = "UIInterfaceOrientationPortrait UIInterfaceOrientationLandscapeLeft UIInterfaceOrientationLandscapeRight";
				IPHONEOS_DEPLOYMENT_TARGET = 16.1;
				LD_RUNPATH_SEARCH_PATHS = "@executable_path/Frameworks";
				"LD_RUNPATH_SEARCH_PATHS[sdk=macosx*]" = "@executable_path/../Frameworks";
				MACOSX_DEPLOYMENT_TARGET = 13.0;
				MARKETING_VERSION = 1.0;
				PRODUCT_BUNDLE_IDENTIFIER = giuliacasucci.ParsingCards;
				PRODUCT_NAME = "$(TARGET_NAME)";
				SDKROOT = auto;
				SUPPORTED_PLATFORMS = "iphoneos iphonesimulator macosx";
				SWIFT_EMIT_LOC_STRINGS = YES;
				SWIFT_VERSION = 5.0;
				TARGETED_DEVICE_FAMILY = "1,2";
			};
			name = Release;
		};
		CBBFB26A293365D9000B0CA7 /* Debug */ = {
			isa = XCBuildConfiguration;
			buildSettings = {
				ALWAYS_EMBED_SWIFT_STANDARD_LIBRARIES = YES;
				BUNDLE_LOADER = "$(TEST_HOST)";
				CODE_SIGN_STYLE = Automatic;
				CURRENT_PROJECT_VERSION = 1;
				DEVELOPMENT_TEAM = ZSK3Z899D9;
				GENERATE_INFOPLIST_FILE = YES;
				IPHONEOS_DEPLOYMENT_TARGET = 16.1;
				MACOSX_DEPLOYMENT_TARGET = 13.0;
				MARKETING_VERSION = 1.0;
				PRODUCT_BUNDLE_IDENTIFIER = giuliacasucci.ParsingCardsTests;
				PRODUCT_NAME = "$(TARGET_NAME)";
				SDKROOT = auto;
				SUPPORTED_PLATFORMS = "iphoneos iphonesimulator macosx";
				SWIFT_EMIT_LOC_STRINGS = NO;
				SWIFT_VERSION = 5.0;
				TARGETED_DEVICE_FAMILY = "1,2";
				TEST_HOST = "$(BUILT_PRODUCTS_DIR)/ParsingCards.app/$(BUNDLE_EXECUTABLE_FOLDER_PATH)/ParsingCards";
			};
			name = Debug;
		};
		CBBFB26B293365D9000B0CA7 /* Release */ = {
			isa = XCBuildConfiguration;
			buildSettings = {
				ALWAYS_EMBED_SWIFT_STANDARD_LIBRARIES = YES;
				BUNDLE_LOADER = "$(TEST_HOST)";
				CODE_SIGN_STYLE = Automatic;
				CURRENT_PROJECT_VERSION = 1;
				DEVELOPMENT_TEAM = ZSK3Z899D9;
				GENERATE_INFOPLIST_FILE = YES;
				IPHONEOS_DEPLOYMENT_TARGET = 16.1;
				MACOSX_DEPLOYMENT_TARGET = 13.0;
				MARKETING_VERSION = 1.0;
				PRODUCT_BUNDLE_IDENTIFIER = giuliacasucci.ParsingCardsTests;
				PRODUCT_NAME = "$(TARGET_NAME)";
				SDKROOT = auto;
				SUPPORTED_PLATFORMS = "iphoneos iphonesimulator macosx";
				SWIFT_EMIT_LOC_STRINGS = NO;
				SWIFT_VERSION = 5.0;
				TARGETED_DEVICE_FAMILY = "1,2";
				TEST_HOST = "$(BUILT_PRODUCTS_DIR)/ParsingCards.app/$(BUNDLE_EXECUTABLE_FOLDER_PATH)/ParsingCards";
			};
			name = Release;
		};
		CBBFB26D293365D9000B0CA7 /* Debug */ = {
			isa = XCBuildConfiguration;
			buildSettings = {
				ALWAYS_EMBED_SWIFT_STANDARD_LIBRARIES = YES;
				CODE_SIGN_STYLE = Automatic;
				CURRENT_PROJECT_VERSION = 1;
				DEVELOPMENT_TEAM = ZSK3Z899D9;
				GENERATE_INFOPLIST_FILE = YES;
				IPHONEOS_DEPLOYMENT_TARGET = 16.1;
				MACOSX_DEPLOYMENT_TARGET = 13.0;
				MARKETING_VERSION = 1.0;
				PRODUCT_BUNDLE_IDENTIFIER = giuliacasucci.ParsingCardsUITests;
				PRODUCT_NAME = "$(TARGET_NAME)";
				SDKROOT = auto;
				SUPPORTED_PLATFORMS = "iphoneos iphonesimulator macosx";
				SWIFT_EMIT_LOC_STRINGS = NO;
				SWIFT_VERSION = 5.0;
				TARGETED_DEVICE_FAMILY = "1,2";
				TEST_TARGET_NAME = ParsingCards;
			};
			name = Debug;
		};
		CBBFB26E293365D9000B0CA7 /* Release */ = {
			isa = XCBuildConfiguration;
			buildSettings = {
				ALWAYS_EMBED_SWIFT_STANDARD_LIBRARIES = YES;
				CODE_SIGN_STYLE = Automatic;
				CURRENT_PROJECT_VERSION = 1;
				DEVELOPMENT_TEAM = ZSK3Z899D9;
				GENERATE_INFOPLIST_FILE = YES;
				IPHONEOS_DEPLOYMENT_TARGET = 16.1;
				MACOSX_DEPLOYMENT_TARGET = 13.0;
				MARKETING_VERSION = 1.0;
				PRODUCT_BUNDLE_IDENTIFIER = giuliacasucci.ParsingCardsUITests;
				PRODUCT_NAME = "$(TARGET_NAME)";
				SDKROOT = auto;
				SUPPORTED_PLATFORMS = "iphoneos iphonesimulator macosx";
				SWIFT_EMIT_LOC_STRINGS = NO;
				SWIFT_VERSION = 5.0;
				TARGETED_DEVICE_FAMILY = "1,2";
				TEST_TARGET_NAME = ParsingCards;
			};
			name = Release;
		};
/* End XCBuildConfiguration section */

/* Begin XCConfigurationList section */
		CBBFB23C293365D8000B0CA7 /* Build configuration list for PBXProject "ParsingCards" */ = {
			isa = XCConfigurationList;
			buildConfigurations = (
				CBBFB264293365D9000B0CA7 /* Debug */,
				CBBFB265293365D9000B0CA7 /* Release */,
			);
			defaultConfigurationIsVisible = 0;
			defaultConfigurationName = Release;
		};
		CBBFB266293365D9000B0CA7 /* Build configuration list for PBXNativeTarget "ParsingCards" */ = {
			isa = XCConfigurationList;
			buildConfigurations = (
				CBBFB267293365D9000B0CA7 /* Debug */,
				CBBFB268293365D9000B0CA7 /* Release */,
			);
			defaultConfigurationIsVisible = 0;
			defaultConfigurationName = Release;
		};
		CBBFB269293365D9000B0CA7 /* Build configuration list for PBXNativeTarget "ParsingCardsTests" */ = {
			isa = XCConfigurationList;
			buildConfigurations = (
				CBBFB26A293365D9000B0CA7 /* Debug */,
				CBBFB26B293365D9000B0CA7 /* Release */,
			);
			defaultConfigurationIsVisible = 0;
			defaultConfigurationName = Release;
		};
		CBBFB26C293365D9000B0CA7 /* Build configuration list for PBXNativeTarget "ParsingCardsUITests" */ = {
			isa = XCConfigurationList;
			buildConfigurations = (
				CBBFB26D293365D9000B0CA7 /* Debug */,
				CBBFB26E293365D9000B0CA7 /* Release */,
			);
			defaultConfigurationIsVisible = 0;
			defaultConfigurationName = Release;
		};
/* End XCConfigurationList section */
	};
	rootObject = CBBFB239293365D8000B0CA7 /* Project object */;
}
